
Microsoft Visual Studio Solution File, Format Version 12.00
# Visual Studio Version 17
VisualStudioVersion = 17.2.32616.157
MinimumVisualStudioVersion = 10.0.40219.1
Project("{FAE04EC0-301F-11D3-BF4B-00C04F79EFBC}") = "TPFINALVocosArriganiFacundoNatanael", "TPFINALVocosArriganiFacundoNatanael\TPFINALVocosArriganiFacundoNatanael.csproj", "{506FF94A-3E0E-4337-88F9-3CFCD0725662}"
EndProject
Global
	GlobalSection(SolutionConfigurationPlatforms) = preSolution
		Debug|Any CPU = Debug|Any CPU
		Release|Any CPU = Release|Any CPU
	EndGlobalSection
	GlobalSection(ProjectConfigurationPlatforms) = postSolution
		{506FF94A-3E0E-4337-88F9-3CFCD0725662}.Debug|Any CPU.ActiveCfg = Debug|Any CPU
		{506FF94A-3E0E-4337-88F9-3CFCD0725662}.Debug|Any CPU.Build.0 = Debug|Any CPU
		{506FF94A-3E0E-4337-88F9-3CFCD0725662}.Release|Any CPU.ActiveCfg = Release|Any CPU
		{506FF94A-3E0E-4337-88F9-3CFCD0725662}.Release|Any CPU.Build.0 = Release|Any CPU
	EndGlobalSection
	GlobalSection(SolutionProperties) = preSolution
		HideSolutionNode = FALSE
	EndGlobalSection
	GlobalSection(ExtensibilityGlobals) = postSolution
		SolutionGuid = {8ADF7B07-F80D-4977-BF5B-09C7D568D0D3}
	EndGlobalSection
EndGlobal
